
Microsoft Visual Studio Solution File, Format Version 12.00
# Visual Studio Version 17
VisualStudioVersion = 17.8.34330.188
MinimumVisualStudioVersion = 10.0.40219.1
Project("{FAE04EC0-301F-11D3-BF4B-00C04F79EFBC}") = "SampleWPF", "SampleWPF\SampleWPF.csproj", "{B95A495C-A946-468A-95E8-BE63B5318CAF}"
EndProject
Global
	GlobalSection(SolutionConfigurationPlatforms) = preSolution
		Debug|Any CPU = Debug|Any CPU
		Release|Any CPU = Release|Any CPU
	EndGlobalSection
	GlobalSection(ProjectConfigurationPlatforms) = postSolution
		{B95A495C-A946-468A-95E8-BE63B5318CAF}.Debug|Any CPU.ActiveCfg = Debug|Any CPU
		{B95A495C-A946-468A-95E8-BE63B5318CAF}.Debug|Any CPU.Build.0 = Debug|Any CPU
		{B95A495C-A946-468A-95E8-BE63B5318CAF}.Release|Any CPU.ActiveCfg = Release|Any CPU
		{B95A495C-A946-468A-95E8-BE63B5318CAF}.Release|Any CPU.Build.0 = Release|Any CPU
	EndGlobalSection
	GlobalSection(SolutionProperties) = preSolution
		HideSolutionNode = FALSE
	EndGlobalSection
	GlobalSection(ExtensibilityGlobals) = postSolution
		SolutionGuid = {D352F9A2-F0A0-49BB-AC87-3CDFDFE73C67}
	EndGlobalSection
EndGlobal
